
Microsoft Visual Studio Solution File, Format Version 12.00
Project("{FAE04EC0-301F-11D3-BF4B-00C04F79EFBC}") = "Example", "Example\Example.csproj", "{AA4A08A8-5E87-4BE8-A294-CE60E8C7F7D7}"
EndProject
Project("{FAE04EC0-301F-11D3-BF4B-00C04F79EFBC}") = "Example.Host", "Example.Host\Example.Host.csproj", "{0D1D173E-DEC0-4563-9C90-E37886D1AD00}"
EndProject
Global
	GlobalSection(SolutionConfigurationPlatforms) = preSolution
		Debug|Any CPU = Debug|Any CPU
		Release|Any CPU = Release|Any CPU
	EndGlobalSection
	GlobalSection(ProjectConfigurationPlatforms) = postSolution
		{AA4A08A8-5E87-4BE8-A294-CE60E8C7F7D7}.Debug|Any CPU.ActiveCfg = Debug|Any CPU
		{AA4A08A8-5E87-4BE8-A294-CE60E8C7F7D7}.Debug|Any CPU.Build.0 = Debug|Any CPU
		{AA4A08A8-5E87-4BE8-A294-CE60E8C7F7D7}.Release|Any CPU.ActiveCfg = Release|Any CPU
		{AA4A08A8-5E87-4BE8-A294-CE60E8C7F7D7}.Release|Any CPU.Build.0 = Release|Any CPU
		{0D1D173E-DEC0-4563-9C90-E37886D1AD00}.Debug|Any CPU.ActiveCfg = Debug|Any CPU
		{0D1D173E-DEC0-4563-9C90-E37886D1AD00}.Debug|Any CPU.Build.0 = Debug|Any CPU
		{0D1D173E-DEC0-4563-9C90-E37886D1AD00}.Release|Any CPU.ActiveCfg = Release|Any CPU
		{0D1D173E-DEC0-4563-9C90-E37886D1AD00}.Release|Any CPU.Build.0 = Release|Any CPU
	EndGlobalSection
EndGlobal
